
Microsoft Visual Studio Solution File, Format Version 12.00
Project("{FAE04EC0-301F-11D3-BF4B-00C04F79EFBC}") = "WebApp", "WebApp\WebApp.csproj", "{3C634719-9913-4CD1-8B46-DD6B82A02EFE}"
EndProject
Project("{FAE04EC0-301F-11D3-BF4B-00C04F79EFBC}") = "Application", "Application\Application.csproj", "{A865C2A4-00BF-4CF1-BAB1-A68BD938F767}"
EndProject
Project("{FAE04EC0-301F-11D3-BF4B-00C04F79EFBC}") = "Data", "Data\Data.csproj", "{C2477A73-AC78-43BA-B29B-B083F0243ED6}"
EndProject
Project("{FAE04EC0-301F-11D3-BF4B-00C04F79EFBC}") = "Domain", "Domain\Domain.csproj", "{B667A36B-994D-4AFD-94E8-0C53B3E101C0}"
EndProject
Project("{FAE04EC0-301F-11D3-BF4B-00C04F79EFBC}") = "DataSeeder", "DataSeeder\DataSeeder.csproj", "{A40C162D-4B8A-4A97-841F-B4EE93CD72EB}"
EndProject
Global
	GlobalSection(SolutionConfigurationPlatforms) = preSolution
		Debug|Any CPU = Debug|Any CPU
		Release|Any CPU = Release|Any CPU
	EndGlobalSection
	GlobalSection(ProjectConfigurationPlatforms) = postSolution
		{3C634719-9913-4CD1-8B46-DD6B82A02EFE}.Debug|Any CPU.ActiveCfg = Debug|Any CPU
		{3C634719-9913-4CD1-8B46-DD6B82A02EFE}.Debug|Any CPU.Build.0 = Debug|Any CPU
		{3C634719-9913-4CD1-8B46-DD6B82A02EFE}.Release|Any CPU.ActiveCfg = Release|Any CPU
		{3C634719-9913-4CD1-8B46-DD6B82A02EFE}.Release|Any CPU.Build.0 = Release|Any CPU
		{A865C2A4-00BF-4CF1-BAB1-A68BD938F767}.Debug|Any CPU.ActiveCfg = Debug|Any CPU
		{A865C2A4-00BF-4CF1-BAB1-A68BD938F767}.Debug|Any CPU.Build.0 = Debug|Any CPU
		{A865C2A4-00BF-4CF1-BAB1-A68BD938F767}.Release|Any CPU.ActiveCfg = Release|Any CPU
		{A865C2A4-00BF-4CF1-BAB1-A68BD938F767}.Release|Any CPU.Build.0 = Release|Any CPU
		{C2477A73-AC78-43BA-B29B-B083F0243ED6}.Debug|Any CPU.ActiveCfg = Debug|Any CPU
		{C2477A73-AC78-43BA-B29B-B083F0243ED6}.Debug|Any CPU.Build.0 = Debug|Any CPU
		{C2477A73-AC78-43BA-B29B-B083F0243ED6}.Release|Any CPU.ActiveCfg = Release|Any CPU
		{C2477A73-AC78-43BA-B29B-B083F0243ED6}.Release|Any CPU.Build.0 = Release|Any CPU
		{B667A36B-994D-4AFD-94E8-0C53B3E101C0}.Debug|Any CPU.ActiveCfg = Debug|Any CPU
		{B667A36B-994D-4AFD-94E8-0C53B3E101C0}.Debug|Any CPU.Build.0 = Debug|Any CPU
		{B667A36B-994D-4AFD-94E8-0C53B3E101C0}.Release|Any CPU.ActiveCfg = Release|Any CPU
		{B667A36B-994D-4AFD-94E8-0C53B3E101C0}.Release|Any CPU.Build.0 = Release|Any CPU
		{A40C162D-4B8A-4A97-841F-B4EE93CD72EB}.Debug|Any CPU.ActiveCfg = Debug|Any CPU
		{A40C162D-4B8A-4A97-841F-B4EE93CD72EB}.Debug|Any CPU.Build.0 = Debug|Any CPU
		{A40C162D-4B8A-4A97-841F-B4EE93CD72EB}.Release|Any CPU.ActiveCfg = Release|Any CPU
		{A40C162D-4B8A-4A97-841F-B4EE93CD72EB}.Release|Any CPU.Build.0 = Release|Any CPU
	EndGlobalSection
EndGlobal
